
Microsoft Visual Studio Solution File, Format Version 12.00
# Visual Studio Version 17
VisualStudioVersion = 17.14.36518.9
MinimumVisualStudioVersion = 10.0.40219.1
Project("{2150E333-8FDC-42A3-9474-1A3956D46DE8}") = "Task0", "Task0", "{02EA681E-C7D8-13C7-8484-4AC65E1B71E8}"
EndProject
Project("{FAE04EC0-301F-11D3-BF4B-00C04F79EFBC}") = "Tyuiu.YachmenevaPV.Sprint4.Task0.V1", "Tyuiu.YachmenevaPV.Sprint4.Task0.V1\Tyuiu.YachmenevaPV.Sprint4.Task0.V1.csproj", "{E0D7B2AB-6324-47F0-ADED-D6D02F12A91F}"
EndProject
Project("{FAE04EC0-301F-11D3-BF4B-00C04F79EFBC}") = "Tyuiu.YachmenevaPV.Sprint4.Task0.V1.Lib", "Tyuiu.YachmenevaPV.Sprint4.Task0.V1.Lib\Tyuiu.YachmenevaPV.Sprint4.Task0.V1.Lib.csproj", "{BDD5D9F6-92B4-4AEB-A153-40297EDBE379}"
EndProject
Project("{FAE04EC0-301F-11D3-BF4B-00C04F79EFBC}") = "Tyuiu.YachmenevaPV.Sprint4.Task0.V1.Test", "Tyuiu.YachmenevaPV.Sprint4.Task0.V1.Test\Tyuiu.YachmenevaPV.Sprint4.Task0.V1.Test.csproj", "{99668E06-74C6-4962-902C-9277CE441D4E}"
EndProject
Project("{2150E333-8FDC-42A3-9474-1A3956D46DE8}") = "Task1", "Task1", "{028586A0-7ED0-4769-B4F8-74B7BE670D2B}"
EndProject
Project("{FAE04EC0-301F-11D3-BF4B-00C04F79EFBC}") = "Tyuiu.YachmenevaPV.Sprint4.Task1.V1", "Tyuiu.YachmenevaPV.Sprint4.Task1.V1\Tyuiu.YachmenevaPV.Sprint4.Task1.V1.csproj", "{F20D5433-82CB-4DD7-B3BD-DE293F055BB8}"
EndProject
Project("{FAE04EC0-301F-11D3-BF4B-00C04F79EFBC}") = "Tyuiu.YachmenevaPV.Sprint4.Task1.V1.Lib", "Tyuiu.YachmenevaPV.Sprint4.Task1.V1.Lib\Tyuiu.YachmenevaPV.Sprint4.Task1.V1.Lib.csproj", "{45048EDD-9860-4C8C-962D-3D0FB0516EA2}"
EndProject
Project("{FAE04EC0-301F-11D3-BF4B-00C04F79EFBC}") = "Tyuiu.YachmenevaPV.Sprint4.Task1.V1.Test", "Tyuiu.YachmenevaPV.Sprint4.Task1.V1.Test\Tyuiu.YachmenevaPV.Sprint4.Task1.V1.Test.csproj", "{D6C18592-0EB0-45DC-9BB0-B936105AD311}"
EndProject
Project("{2150E333-8FDC-42A3-9474-1A3956D46DE8}") = "Task2", "Task2", "{F8C9E8D7-4086-4385-A72B-8AF84F91804F}"
EndProject
Project("{FAE04EC0-301F-11D3-BF4B-00C04F79EFBC}") = "Tyuiu.YachmenevaPV.Sprint4.Task2.V19", "Tyuiu.YachmenevaPV.Sprint4.Task2.V19\Tyuiu.YachmenevaPV.Sprint4.Task2.V19.csproj", "{53DB934F-4A76-49B3-97FD-F1FC05A157B6}"
EndProject
Project("{FAE04EC0-301F-11D3-BF4B-00C04F79EFBC}") = "Tyuiu.YachmenevaPV.Sprint4.Task2.V19.Lib", "Tyuiu.YachmenevaPV.Sprint4.Task2.V19.Lib\Tyuiu.YachmenevaPV.Sprint4.Task2.V19.Lib.csproj", "{65D8354B-B2D2-44EC-A052-A29A790656F5}"
EndProject
Project("{FAE04EC0-301F-11D3-BF4B-00C04F79EFBC}") = "Tyuiu.YachmenevaPV.Sprint4.Task2.V19.Test", "Tyuiu.YachmenevaPV.Sprint4.Task2.V19.Test\Tyuiu.YachmenevaPV.Sprint4.Task2.V19.Test.csproj", "{D8CF218E-FBA1-4A21-B46B-B8177A999FCB}"
EndProject
Project("{2150E333-8FDC-42A3-9474-1A3956D46DE8}") = "Task3", "Task3", "{F2840865-A770-49E7-A1FA-FDE48FA8F61C}"
EndProject
Project("{FAE04EC0-301F-11D3-BF4B-00C04F79EFBC}") = "Tyuiu.YachmenevaPV.Sprint4.Task3.V27", "Tyuiu.YachmenevaPV.Sprint4.Task3.V27\Tyuiu.YachmenevaPV.Sprint4.Task3.V27.csproj", "{34F8C742-100A-4B87-8A42-86ECA72DEDA9}"
EndProject
Project("{FAE04EC0-301F-11D3-BF4B-00C04F79EFBC}") = "Tyuiu.YachmenevaPV.Sprint4.Task3.V27.Lib", "Tyuiu.YachmenevaPV.Sprint4.Task3.V27.Lib\Tyuiu.YachmenevaPV.Sprint4.Task3.V27.Lib.csproj", "{07A736A7-C30B-4FD9-9187-D145D9D7C843}"
EndProject
Project("{FAE04EC0-301F-11D3-BF4B-00C04F79EFBC}") = "Tyuiu.YachmenevaPV.Sprint4.Task3.V27.Test", "Tyuiu.YachmenevaPV.Sprint4.Task3.V27.Test\Tyuiu.YachmenevaPV.Sprint4.Task3.V27.Test.csproj", "{05BDF8D5-207B-44A8-99E6-76C14483197A}"
EndProject
Project("{2150E333-8FDC-42A3-9474-1A3956D46DE8}") = "Task4", "Task4", "{7C5125A6-B3B9-497B-A88B-A29FA65ADFE3}"
EndProject
Project("{FAE04EC0-301F-11D3-BF4B-00C04F79EFBC}") = "Tyuiu.YachmenevaPV.Sprint4.Task4.V24", "Tyuiu.YachmenevaPV.Sprint4.Task4.V24\Tyuiu.YachmenevaPV.Sprint4.Task4.V24.csproj", "{4A1A2AC2-C7D4-4B36-A238-51A0264DA98A}"
EndProject
Project("{FAE04EC0-301F-11D3-BF4B-00C04F79EFBC}") = "Tyuiu.YachmenevaPV.Sprint4.Task4.V24.Lib", "Tyuiu.YachmenevaPV.Sprint4.Task4.V24.Lib\Tyuiu.YachmenevaPV.Sprint4.Task4.V24.Lib.csproj", "{C5FBAED0-D2BA-47C5-B616-6CA2CF745440}"
EndProject
Project("{FAE04EC0-301F-11D3-BF4B-00C04F79EFBC}") = "Tyuiu.YachmenevaPV.Sprint4.Task4.V24.Test", "Tyuiu.YachmenevaPV.Sprint4.Task4.V24.Test\Tyuiu.YachmenevaPV.Sprint4.Task4.V24.Test.csproj", "{3CBEC1EB-670C-48F7-BCF6-4A90AB04F7DB}"
EndProject
Global
	GlobalSection(SolutionConfigurationPlatforms) = preSolution
		Debug|Any CPU = Debug|Any CPU
		Release|Any CPU = Release|Any CPU
	EndGlobalSection
	GlobalSection(ProjectConfigurationPlatforms) = postSolution
		{E0D7B2AB-6324-47F0-ADED-D6D02F12A91F}.Debug|Any CPU.ActiveCfg = Debug|Any CPU
		{E0D7B2AB-6324-47F0-ADED-D6D02F12A91F}.Debug|Any CPU.Build.0 = Debug|Any CPU
		{E0D7B2AB-6324-47F0-ADED-D6D02F12A91F}.Release|Any CPU.ActiveCfg = Release|Any CPU
		{E0D7B2AB-6324-47F0-ADED-D6D02F12A91F}.Release|Any CPU.Build.0 = Release|Any CPU
		{BDD5D9F6-92B4-4AEB-A153-40297EDBE379}.Debug|Any CPU.ActiveCfg = Debug|Any CPU
		{BDD5D9F6-92B4-4AEB-A153-40297EDBE379}.Debug|Any CPU.Build.0 = Debug|Any CPU
		{BDD5D9F6-92B4-4AEB-A153-40297EDBE379}.Release|Any CPU.ActiveCfg = Release|Any CPU
		{BDD5D9F6-92B4-4AEB-A153-40297EDBE379}.Release|Any CPU.Build.0 = Release|Any CPU
		{99668E06-74C6-4962-902C-9277CE441D4E}.Debug|Any CPU.ActiveCfg = Debug|Any CPU
		{99668E06-74C6-4962-902C-9277CE441D4E}.Debug|Any CPU.Build.0 = Debug|Any CPU
		{99668E06-74C6-4962-902C-9277CE441D4E}.Release|Any CPU.ActiveCfg = Release|Any CPU
		{99668E06-74C6-4962-902C-9277CE441D4E}.Release|Any CPU.Build.0 = Release|Any CPU
		{F20D5433-82CB-4DD7-B3BD-DE293F055BB8}.Debug|Any CPU.ActiveCfg = Debug|Any CPU
		{F20D5433-82CB-4DD7-B3BD-DE293F055BB8}.Debug|Any CPU.Build.0 = Debug|Any CPU
		{F20D5433-82CB-4DD7-B3BD-DE293F055BB8}.Release|Any CPU.ActiveCfg = Release|Any CPU
		{F20D5433-82CB-4DD7-B3BD-DE293F055BB8}.Release|Any CPU.Build.0 = Release|Any CPU
		{45048EDD-9860-4C8C-962D-3D0FB0516EA2}.Debug|Any CPU.ActiveCfg = Debug|Any CPU
		{45048EDD-9860-4C8C-962D-3D0FB0516EA2}.Debug|Any CPU.Build.0 = Debug|Any CPU
		{45048EDD-9860-4C8C-962D-3D0FB0516EA2}.Release|Any CPU.ActiveCfg = Release|Any CPU
		{45048EDD-9860-4C8C-962D-3D0FB0516EA2}.Release|Any CPU.Build.0 = Release|Any CPU
		{D6C18592-0EB0-45DC-9BB0-B936105AD311}.Debug|Any CPU.ActiveCfg = Debug|Any CPU
		{D6C18592-0EB0-45DC-9BB0-B936105AD311}.Debug|Any CPU.Build.0 = Debug|Any CPU
		{D6C18592-0EB0-45DC-9BB0-B936105AD311}.Release|Any CPU.ActiveCfg = Release|Any CPU
		{D6C18592-0EB0-45DC-9BB0-B936105AD311}.Release|Any CPU.Build.0 = Release|Any CPU
		{53DB934F-4A76-49B3-97FD-F1FC05A157B6}.Debug|Any CPU.ActiveCfg = Debug|Any CPU
		{53DB934F-4A76-49B3-97FD-F1FC05A157B6}.Debug|Any CPU.Build.0 = Debug|Any CPU
		{53DB934F-4A76-49B3-97FD-F1FC05A157B6}.Release|Any CPU.ActiveCfg = Release|Any CPU
		{53DB934F-4A76-49B3-97FD-F1FC05A157B6}.Release|Any CPU.Build.0 = Release|Any CPU
		{65D8354B-B2D2-44EC-A052-A29A790656F5}.Debug|Any CPU.ActiveCfg = Debug|Any CPU
		{65D8354B-B2D2-44EC-A052-A29A790656F5}.Debug|Any CPU.Build.0 = Debug|Any CPU
		{65D8354B-B2D2-44EC-A052-A29A790656F5}.Release|Any CPU.ActiveCfg = Release|Any CPU
		{65D8354B-B2D2-44EC-A052-A29A790656F5}.Release|Any CPU.Build.0 = Release|Any CPU
		{D8CF218E-FBA1-4A21-B46B-B8177A999FCB}.Debug|Any CPU.ActiveCfg = Debug|Any CPU
		{D8CF218E-FBA1-4A21-B46B-B8177A999FCB}.Debug|Any CPU.Build.0 = Debug|Any CPU
		{D8CF218E-FBA1-4A21-B46B-B8177A999FCB}.Release|Any CPU.ActiveCfg = Release|Any CPU
		{D8CF218E-FBA1-4A21-B46B-B8177A999FCB}.Release|Any CPU.Build.0 = Release|Any CPU
		{34F8C742-100A-4B87-8A42-86ECA72DEDA9}.Debug|Any CPU.ActiveCfg = Debug|Any CPU
		{34F8C742-100A-4B87-8A42-86ECA72DEDA9}.Debug|Any CPU.Build.0 = Debug|Any CPU
		{34F8C742-100A-4B87-8A42-86ECA72DEDA9}.Release|Any CPU.ActiveCfg = Release|Any CPU
		{34F8C742-100A-4B87-8A42-86ECA72DEDA9}.Release|Any CPU.Build.0 = Release|Any CPU
		{07A736A7-C30B-4FD9-9187-D145D9D7C843}.Debug|Any CPU.ActiveCfg = Debug|Any CPU
		{07A736A7-C30B-4FD9-9187-D145D9D7C843}.Debug|Any CPU.Build.0 = Debug|Any CPU
		{07A736A7-C30B-4FD9-9187-D145D9D7C843}.Release|Any CPU.ActiveCfg = Release|Any CPU
		{07A736A7-C30B-4FD9-9187-D145D9D7C843}.Release|Any CPU.Build.0 = Release|Any CPU
		{05BDF8D5-207B-44A8-99E6-76C14483197A}.Debug|Any CPU.ActiveCfg = Debug|Any CPU
		{05BDF8D5-207B-44A8-99E6-76C14483197A}.Debug|Any CPU.Build.0 = Debug|Any CPU
		{05BDF8D5-207B-44A8-99E6-76C14483197A}.Release|Any CPU.ActiveCfg = Release|Any CPU
		{05BDF8D5-207B-44A8-99E6-76C14483197A}.Release|Any CPU.Build.0 = Release|Any CPU
		{4A1A2AC2-C7D4-4B36-A238-51A0264DA98A}.Debug|Any CPU.ActiveCfg = Debug|Any CPU
		{4A1A2AC2-C7D4-4B36-A238-51A0264DA98A}.Debug|Any CPU.Build.0 = Debug|Any CPU
		{4A1A2AC2-C7D4-4B36-A238-51A0264DA98A}.Release|Any CPU.ActiveCfg = Release|Any CPU
		{4A1A2AC2-C7D4-4B36-A238-51A0264DA98A}.Release|Any CPU.Build.0 = Release|Any CPU
		{C5FBAED0-D2BA-47C5-B616-6CA2CF745440}.Debug|Any CPU.ActiveCfg = Debug|Any CPU
		{C5FBAED0-D2BA-47C5-B616-6CA2CF745440}.Debug|Any CPU.Build.0 = Debug|Any CPU
		{C5FBAED0-D2BA-47C5-B616-6CA2CF745440}.Release|Any CPU.ActiveCfg = Release|Any CPU
		{C5FBAED0-D2BA-47C5-B616-6CA2CF745440}.Release|Any CPU.Build.0 = Release|Any CPU
		{3CBEC1EB-670C-48F7-BCF6-4A90AB04F7DB}.Debug|Any CPU.ActiveCfg = Debug|Any CPU
		{3CBEC1EB-670C-48F7-BCF6-4A90AB04F7DB}.Debug|Any CPU.Build.0 = Debug|Any CPU
		{3CBEC1EB-670C-48F7-BCF6-4A90AB04F7DB}.Release|Any CPU.ActiveCfg = Release|Any CPU
		{3CBEC1EB-670C-48F7-BCF6-4A90AB04F7DB}.Release|Any CPU.Build.0 = Release|Any CPU
	EndGlobalSection
	GlobalSection(SolutionProperties) = preSolution
		HideSolutionNode = FALSE
	EndGlobalSection
	GlobalSection(NestedProjects) = preSolution
		{E0D7B2AB-6324-47F0-ADED-D6D02F12A91F} = {02EA681E-C7D8-13C7-8484-4AC65E1B71E8}
		{BDD5D9F6-92B4-4AEB-A153-40297EDBE379} = {02EA681E-C7D8-13C7-8484-4AC65E1B71E8}
		{99668E06-74C6-4962-902C-9277CE441D4E} = {02EA681E-C7D8-13C7-8484-4AC65E1B71E8}
		{F20D5433-82CB-4DD7-B3BD-DE293F055BB8} = {028586A0-7ED0-4769-B4F8-74B7BE670D2B}
		{45048EDD-9860-4C8C-962D-3D0FB0516EA2} = {028586A0-7ED0-4769-B4F8-74B7BE670D2B}
		{D6C18592-0EB0-45DC-9BB0-B936105AD311} = {028586A0-7ED0-4769-B4F8-74B7BE670D2B}
		{53DB934F-4A76-49B3-97FD-F1FC05A157B6} = {F8C9E8D7-4086-4385-A72B-8AF84F91804F}
		{65D8354B-B2D2-44EC-A052-A29A790656F5} = {F8C9E8D7-4086-4385-A72B-8AF84F91804F}
		{D8CF218E-FBA1-4A21-B46B-B8177A999FCB} = {F8C9E8D7-4086-4385-A72B-8AF84F91804F}
		{34F8C742-100A-4B87-8A42-86ECA72DEDA9} = {F2840865-A770-49E7-A1FA-FDE48FA8F61C}
		{07A736A7-C30B-4FD9-9187-D145D9D7C843} = {F2840865-A770-49E7-A1FA-FDE48FA8F61C}
		{05BDF8D5-207B-44A8-99E6-76C14483197A} = {F2840865-A770-49E7-A1FA-FDE48FA8F61C}
		{4A1A2AC2-C7D4-4B36-A238-51A0264DA98A} = {7C5125A6-B3B9-497B-A88B-A29FA65ADFE3}
		{C5FBAED0-D2BA-47C5-B616-6CA2CF745440} = {7C5125A6-B3B9-497B-A88B-A29FA65ADFE3}
		{3CBEC1EB-670C-48F7-BCF6-4A90AB04F7DB} = {7C5125A6-B3B9-497B-A88B-A29FA65ADFE3}
	EndGlobalSection
	GlobalSection(ExtensibilityGlobals) = postSolution
		SolutionGuid = {FB1B74AC-6923-4401-8257-25D21AAE9EF0}
	EndGlobalSection
EndGlobal
